
Microsoft Visual Studio Solution File, Format Version 12.00
# Visual Studio 15
VisualStudioVersion = 15.0.28307.271
MinimumVisualStudioVersion = 10.0.40219.1
Project("{FAE04EC0-301F-11D3-BF4B-00C04F79EFBC}") = "JourneyBackEnd", "JourneyBackEnd\JourneyBackEnd.csproj", "{C0463492-477B-4789-B10B-4844F9ED1853}"
EndProject
Project("{FAE04EC0-301F-11D3-BF4B-00C04F79EFBC}") = "JourneyBackEnd.Tests", "JourneyBackEnd.Tests\JourneyBackEnd.Tests.csproj", "{D704D19D-F027-4BD0-8A39-761FE322DE5F}"
EndProject
Project("{FAE04EC0-301F-11D3-BF4B-00C04F79EFBC}") = "JourneyBackEnd.Repositories", "JourneyBackEnd.Repositories\JourneyBackEnd.Repositories.csproj", "{C487CDCA-8441-4E18-96B8-21CA60F766E0}"
EndProject
Global
	GlobalSection(SolutionConfigurationPlatforms) = preSolution
		Debug|Any CPU = Debug|Any CPU
		Release|Any CPU = Release|Any CPU
	EndGlobalSection
	GlobalSection(ProjectConfigurationPlatforms) = postSolution
		{C0463492-477B-4789-B10B-4844F9ED1853}.Debug|Any CPU.ActiveCfg = Debug|Any CPU
		{C0463492-477B-4789-B10B-4844F9ED1853}.Debug|Any CPU.Build.0 = Debug|Any CPU
		{C0463492-477B-4789-B10B-4844F9ED1853}.Release|Any CPU.ActiveCfg = Release|Any CPU
		{C0463492-477B-4789-B10B-4844F9ED1853}.Release|Any CPU.Build.0 = Release|Any CPU
		{D704D19D-F027-4BD0-8A39-761FE322DE5F}.Debug|Any CPU.ActiveCfg = Debug|Any CPU
		{D704D19D-F027-4BD0-8A39-761FE322DE5F}.Debug|Any CPU.Build.0 = Debug|Any CPU
		{D704D19D-F027-4BD0-8A39-761FE322DE5F}.Release|Any CPU.ActiveCfg = Release|Any CPU
		{D704D19D-F027-4BD0-8A39-761FE322DE5F}.Release|Any CPU.Build.0 = Release|Any CPU
		{C487CDCA-8441-4E18-96B8-21CA60F766E0}.Debug|Any CPU.ActiveCfg = Debug|Any CPU
		{C487CDCA-8441-4E18-96B8-21CA60F766E0}.Debug|Any CPU.Build.0 = Debug|Any CPU
		{C487CDCA-8441-4E18-96B8-21CA60F766E0}.Release|Any CPU.ActiveCfg = Release|Any CPU
		{C487CDCA-8441-4E18-96B8-21CA60F766E0}.Release|Any CPU.Build.0 = Release|Any CPU
	EndGlobalSection
	GlobalSection(SolutionProperties) = preSolution
		HideSolutionNode = FALSE
	EndGlobalSection
	GlobalSection(ExtensibilityGlobals) = postSolution
		SolutionGuid = {1B4031A9-AE37-4863-9CCD-192234E363C6}
	EndGlobalSection
EndGlobal
